
Microsoft Visual Studio Solution File, Format Version 12.00
# Visual Studio Version 17
VisualStudioVersion = 17.10.35013.160
MinimumVisualStudioVersion = 10.0.40219.1
Project("{FAE04EC0-301F-11D3-BF4B-00C04F79EFBC}") = "ToDoList", "ToDoList\ToDoList.csproj", "{9C5D2BAA-45A4-4D9B-AF63-F0C221880B77}"
EndProject
Global
	GlobalSection(SolutionConfigurationPlatforms) = preSolution
		Debug|Any CPU = Debug|Any CPU
		Release|Any CPU = Release|Any CPU
	EndGlobalSection
	GlobalSection(ProjectConfigurationPlatforms) = postSolution
		{9C5D2BAA-45A4-4D9B-AF63-F0C221880B77}.Debug|Any CPU.ActiveCfg = Debug|Any CPU
		{9C5D2BAA-45A4-4D9B-AF63-F0C221880B77}.Debug|Any CPU.Build.0 = Debug|Any CPU
		{9C5D2BAA-45A4-4D9B-AF63-F0C221880B77}.Release|Any CPU.ActiveCfg = Release|Any CPU
		{9C5D2BAA-45A4-4D9B-AF63-F0C221880B77}.Release|Any CPU.Build.0 = Release|Any CPU
	EndGlobalSection
	GlobalSection(SolutionProperties) = preSolution
		HideSolutionNode = FALSE
	EndGlobalSection
	GlobalSection(ExtensibilityGlobals) = postSolution
		SolutionGuid = {E26789EC-F3D1-4C11-8027-B4EE7AF0B04C}
	EndGlobalSection
EndGlobal
